
Microsoft Visual Studio Solution File, Format Version 12.00
# Visual Studio Version 17
VisualStudioVersion = 17.12.35707.178 d17.12
MinimumVisualStudioVersion = 10.0.40219.1
Project("{FAE04EC0-301F-11D3-BF4B-00C04F79EFBC}") = "Collection_Hackathon", "Collection_Hackathon.csproj", "{A95698C4-1510-4D99-9014-ABE1F7CC7CFB}"
EndProject
Global
	GlobalSection(SolutionConfigurationPlatforms) = preSolution
		Debug|Any CPU = Debug|Any CPU
		Release|Any CPU = Release|Any CPU
	EndGlobalSection
	GlobalSection(ProjectConfigurationPlatforms) = postSolution
		{A95698C4-1510-4D99-9014-ABE1F7CC7CFB}.Debug|Any CPU.ActiveCfg = Debug|Any CPU
		{A95698C4-1510-4D99-9014-ABE1F7CC7CFB}.Debug|Any CPU.Build.0 = Debug|Any CPU
		{A95698C4-1510-4D99-9014-ABE1F7CC7CFB}.Release|Any CPU.ActiveCfg = Release|Any CPU
		{A95698C4-1510-4D99-9014-ABE1F7CC7CFB}.Release|Any CPU.Build.0 = Release|Any CPU
	EndGlobalSection
	GlobalSection(SolutionProperties) = preSolution
		HideSolutionNode = FALSE
	EndGlobalSection
EndGlobal
