
Microsoft Visual Studio Solution File, Format Version 12.00
# Visual Studio Version 17
VisualStudioVersion = 17.12.35707.178 d17.12
MinimumVisualStudioVersion = 10.0.40219.1
Project("{2150E333-8FDC-42A3-9474-1A3956D46DE8}") = "src", "src", "{57CA7EFF-4AFD-4815-97AD-7ADADF18C843}"
EndProject
Project("{FAE04EC0-301F-11D3-BF4B-00C04F79EFBC}") = "ECommerceApp.Application", "ECommerceApp.Application\ECommerceApp.Application.csproj", "{B8CDCF1E-09F2-4D46-AFED-B2EF36FC9A8C}"
EndProject
Project("{FAE04EC0-301F-11D3-BF4B-00C04F79EFBC}") = "ECommerceApp.Domain", "ECommerceApp.Domain\ECommerceApp.Domain.csproj", "{99A28E4E-A71E-4B41-B1E0-0C5207E51DCF}"
EndProject
Project("{FAE04EC0-301F-11D3-BF4B-00C04F79EFBC}") = "ECommerceApp.Infrastructure", "ECommerceApp.Infrastructure\ECommerceApp.Infrastructure.csproj", "{064A2460-9F17-464E-A8FB-B7B4C59FDD4B}"
EndProject
Project("{FAE04EC0-301F-11D3-BF4B-00C04F79EFBC}") = "ECommerceApp.API", "ECommerceApp.API\ECommerceApp.API.csproj", "{0BE2B284-AD0D-4701-977B-E5104A71D606}"
EndProject
Global
	GlobalSection(SolutionConfigurationPlatforms) = preSolution
		Debug|Any CPU = Debug|Any CPU
		Release|Any CPU = Release|Any CPU
	EndGlobalSection
	GlobalSection(ProjectConfigurationPlatforms) = postSolution
		{B8CDCF1E-09F2-4D46-AFED-B2EF36FC9A8C}.Debug|Any CPU.ActiveCfg = Debug|Any CPU
		{B8CDCF1E-09F2-4D46-AFED-B2EF36FC9A8C}.Debug|Any CPU.Build.0 = Debug|Any CPU
		{B8CDCF1E-09F2-4D46-AFED-B2EF36FC9A8C}.Release|Any CPU.ActiveCfg = Release|Any CPU
		{B8CDCF1E-09F2-4D46-AFED-B2EF36FC9A8C}.Release|Any CPU.Build.0 = Release|Any CPU
		{99A28E4E-A71E-4B41-B1E0-0C5207E51DCF}.Debug|Any CPU.ActiveCfg = Debug|Any CPU
		{99A28E4E-A71E-4B41-B1E0-0C5207E51DCF}.Debug|Any CPU.Build.0 = Debug|Any CPU
		{99A28E4E-A71E-4B41-B1E0-0C5207E51DCF}.Release|Any CPU.ActiveCfg = Release|Any CPU
		{99A28E4E-A71E-4B41-B1E0-0C5207E51DCF}.Release|Any CPU.Build.0 = Release|Any CPU
		{064A2460-9F17-464E-A8FB-B7B4C59FDD4B}.Debug|Any CPU.ActiveCfg = Debug|Any CPU
		{064A2460-9F17-464E-A8FB-B7B4C59FDD4B}.Debug|Any CPU.Build.0 = Debug|Any CPU
		{064A2460-9F17-464E-A8FB-B7B4C59FDD4B}.Release|Any CPU.ActiveCfg = Release|Any CPU
		{064A2460-9F17-464E-A8FB-B7B4C59FDD4B}.Release|Any CPU.Build.0 = Release|Any CPU
		{0BE2B284-AD0D-4701-977B-E5104A71D606}.Debug|Any CPU.ActiveCfg = Debug|Any CPU
		{0BE2B284-AD0D-4701-977B-E5104A71D606}.Debug|Any CPU.Build.0 = Debug|Any CPU
		{0BE2B284-AD0D-4701-977B-E5104A71D606}.Release|Any CPU.ActiveCfg = Release|Any CPU
		{0BE2B284-AD0D-4701-977B-E5104A71D606}.Release|Any CPU.Build.0 = Release|Any CPU
	EndGlobalSection
	GlobalSection(SolutionProperties) = preSolution
		HideSolutionNode = FALSE
	EndGlobalSection
	GlobalSection(NestedProjects) = preSolution
		{B8CDCF1E-09F2-4D46-AFED-B2EF36FC9A8C} = {57CA7EFF-4AFD-4815-97AD-7ADADF18C843}
		{99A28E4E-A71E-4B41-B1E0-0C5207E51DCF} = {57CA7EFF-4AFD-4815-97AD-7ADADF18C843}
		{064A2460-9F17-464E-A8FB-B7B4C59FDD4B} = {57CA7EFF-4AFD-4815-97AD-7ADADF18C843}
		{0BE2B284-AD0D-4701-977B-E5104A71D606} = {57CA7EFF-4AFD-4815-97AD-7ADADF18C843}
	EndGlobalSection
EndGlobal
